// !$*UTF8*$!
{
	archiveVersion = 1;
	classes = {
	};
	objectVersion = 56;
	objects = {

/* Begin PBXBuildFile section */
		016ED9762B5504F0002F2FD2 /* AppDelegate.m in Sources */ = {isa = PBXBuildFile; fileRef = 016ED9752B5504F0002F2FD2 /* AppDelegate.m */; };
		016ED9792B5504F0002F2FD2 /* SceneDelegate.m in Sources */ = {isa = PBXBuildFile; fileRef = 016ED9782B5504F0002F2FD2 /* SceneDelegate.m */; };
		016ED97C2B5504F0002F2FD2 /* ViewController.m in Sources */ = {isa = PBXBuildFile; fileRef = 016ED97B2B5504F0002F2FD2 /* ViewController.m */; };
		016ED97F2B5504F0002F2FD2 /* Main.storyboard in Resources */ = {isa = PBXBuildFile; fileRef = 016ED97D2B5504F0002F2FD2 /* Main.storyboard */; };
		016ED9812B5504F1002F2FD2 /* Assets.xcassets in Resources */ = {isa = PBXBuildFile; fileRef = 016ED9802B5504F1002F2FD2 /* Assets.xcassets */; };
		016ED9842B5504F1002F2FD2 /* LaunchScreen.storyboard in Resources */ = {isa = PBXBuildFile; fileRef = 016ED9822B5504F1002F2FD2 /* LaunchScreen.storyboard */; };
		016ED9872B5504F1002F2FD2 /* main.m in Sources */ = {isa = PBXBuildFile; fileRef = 016ED9862B5504F1002F2FD2 /* main.m */; };
		016ED98F2B5568D3002F2FD2 /* FirebaseAnalytics in Frameworks */ = {isa = PBXBuildFile; productRef = 016ED98E2B5568D3002F2FD2 /* FirebaseAnalytics */; };
		016ED9912B5568D3002F2FD2 /* FirebaseAnalyticsOnDeviceConversion in Frameworks */ = {isa = PBXBuildFile; productRef = 016ED9902B5568D3002F2FD2 /* FirebaseAnalyticsOnDeviceConversion */; };
		016ED9932B5568D3002F2FD2 /* FirebaseAnalyticsSwift in Frameworks */ = {isa = PBXBuildFile; productRef = 016ED9922B5568D3002F2FD2 /* FirebaseAnalyticsSwift */; };
		016ED9952B5568D3002F2FD2 /* FirebaseAnalyticsWithoutAdIdSupport in Frameworks */ = {isa = PBXBuildFile; productRef = 016ED9942B5568D3002F2FD2 /* FirebaseAnalyticsWithoutAdIdSupport */; };
		016ED9972B5568D3002F2FD2 /* FirebaseAppCheck in Frameworks */ = {isa = PBXBuildFile; productRef = 016ED9962B5568D3002F2FD2 /* FirebaseAppCheck */; };
		016ED9992B5568D3002F2FD2 /* FirebaseAppDistribution-Beta in Frameworks */ = {isa = PBXBuildFile; productRef = 016ED9982B5568D3002F2FD2 /* FirebaseAppDistribution-Beta */; };
		016ED99B2B5568D3002F2FD2 /* FirebaseAuth in Frameworks */ = {isa = PBXBuildFile; productRef = 016ED99A2B5568D3002F2FD2 /* FirebaseAuth */; };
		016ED99D2B5568D3002F2FD2 /* FirebaseAuthCombine-Community in Frameworks */ = {isa = PBXBuildFile; productRef = 016ED99C2B5568D3002F2FD2 /* FirebaseAuthCombine-Community */; };
		016ED99F2B5568D3002F2FD2 /* FirebaseCrashlytics in Frameworks */ = {isa = PBXBuildFile; productRef = 016ED99E2B5568D3002F2FD2 /* FirebaseCrashlytics */; };
		016ED9A12B5568D3002F2FD2 /* FirebaseDatabase in Frameworks */ = {isa = PBXBuildFile; productRef = 016ED9A02B5568D3002F2FD2 /* FirebaseDatabase */; };
		016ED9A32B5568D3002F2FD2 /* FirebaseDatabaseSwift in Frameworks */ = {isa = PBXBuildFile; productRef = 016ED9A22B5568D3002F2FD2 /* FirebaseDatabaseSwift */; };
		016ED9A52B5568D3002F2FD2 /* FirebaseDynamicLinks in Frameworks */ = {isa = PBXBuildFile; productRef = 016ED9A42B5568D3002F2FD2 /* FirebaseDynamicLinks */; };
		016ED9A72B5568D3002F2FD2 /* FirebaseFirestore in Frameworks */ = {isa = PBXBuildFile; productRef = 016ED9A62B5568D3002F2FD2 /* FirebaseFirestore */; };
		016ED9A92B5568D3002F2FD2 /* FirebaseFirestoreCombine-Community in Frameworks */ = {isa = PBXBuildFile; productRef = 016ED9A82B5568D3002F2FD2 /* FirebaseFirestoreCombine-Community */; };
		016ED9AB2B5568D3002F2FD2 /* FirebaseFirestoreSwift in Frameworks */ = {isa = PBXBuildFile; productRef = 016ED9AA2B5568D3002F2FD2 /* FirebaseFirestoreSwift */; };
		016ED9AD2B5568D3002F2FD2 /* FirebaseFunctions in Frameworks */ = {isa = PBXBuildFile; productRef = 016ED9AC2B5568D3002F2FD2 /* FirebaseFunctions */; };
		016ED9AF2B5568D3002F2FD2 /* FirebaseFunctionsCombine-Community in Frameworks */ = {isa = PBXBuildFile; productRef = 016ED9AE2B5568D3002F2FD2 /* FirebaseFunctionsCombine-Community */; };
		016ED9B12B5568D3002F2FD2 /* FirebaseInAppMessaging-Beta in Frameworks */ = {isa = PBXBuildFile; productRef = 016ED9B02B5568D3002F2FD2 /* FirebaseInAppMessaging-Beta */; };
		016ED9B32B5568D3002F2FD2 /* FirebaseInAppMessagingSwift-Beta in Frameworks */ = {isa = PBXBuildFile; productRef = 016ED9B22B5568D3002F2FD2 /* FirebaseInAppMessagingSwift-Beta */; };
		016ED9B52B5568D3002F2FD2 /* FirebaseInstallations in Frameworks */ = {isa = PBXBuildFile; productRef = 016ED9B42B5568D3002F2FD2 /* FirebaseInstallations */; };
		016ED9B72B5568D3002F2FD2 /* FirebaseMLModelDownloader in Frameworks */ = {isa = PBXBuildFile; productRef = 016ED9B62B5568D3002F2FD2 /* FirebaseMLModelDownloader */; };
		016ED9B92B5568D3002F2FD2 /* FirebaseMessaging in Frameworks */ = {isa = PBXBuildFile; productRef = 016ED9B82B5568D3002F2FD2 /* FirebaseMessaging */; };
		016ED9BB2B5568D3002F2FD2 /* FirebasePerformance in Frameworks */ = {isa = PBXBuildFile; productRef = 016ED9BA2B5568D3002F2FD2 /* FirebasePerformance */; };
		016ED9BD2B5568D3002F2FD2 /* FirebaseRemoteConfig in Frameworks */ = {isa = PBXBuildFile; productRef = 016ED9BC2B5568D3002F2FD2 /* FirebaseRemoteConfig */; };
		016ED9BF2B5568D3002F2FD2 /* FirebaseRemoteConfigSwift in Frameworks */ = {isa = PBXBuildFile; productRef = 016ED9BE2B5568D3002F2FD2 /* FirebaseRemoteConfigSwift */; };
		016ED9C12B5568D3002F2FD2 /* FirebaseStorage in Frameworks */ = {isa = PBXBuildFile; productRef = 016ED9C02B5568D3002F2FD2 /* FirebaseStorage */; };
		016ED9C32B5568D3002F2FD2 /* FirebaseStorageCombine-Community in Frameworks */ = {isa = PBXBuildFile; productRef = 016ED9C22B5568D3002F2FD2 /* FirebaseStorageCombine-Community */; };
		01987DD32B5F8BDC00E7BB47 /* GoogleService-Info.plist in Resources */ = {isa = PBXBuildFile; fileRef = 01987DD22B5F8BDC00E7BB47 /* GoogleService-Info.plist */; };
		89CBAD13A3881DF024B84E1D /* Pods_McpPushDemo_IOS.framework in Frameworks */ = {isa = PBXBuildFile; fileRef = B4426238C51B24DB7EB2478F /* Pods_McpPushDemo_IOS.framework */; };
/* End PBXBuildFile section */

/* Begin PBXFileReference section */
		016ED9712B5504F0002F2FD2 /* McpPushDemo_IOS.app */ = {isa = PBXFileReference; explicitFileType = wrapper.application; includeInIndex = 0; path = McpPushDemo_IOS.app; sourceTree = BUILT_PRODUCTS_DIR; };
		016ED9742B5504F0002F2FD2 /* AppDelegate.h */ = {isa = PBXFileReference; lastKnownFileType = sourcecode.c.h; path = AppDelegate.h; sourceTree = "<group>"; };
		016ED9752B5504F0002F2FD2 /* AppDelegate.m */ = {isa = PBXFileReference; lastKnownFileType = sourcecode.c.objc; path = AppDelegate.m; sourceTree = "<group>"; };
		016ED9772B5504F0002F2FD2 /* SceneDelegate.h */ = {isa = PBXFileReference; lastKnownFileType = sourcecode.c.h; path = SceneDelegate.h; sourceTree = "<group>"; };
		016ED9782B5504F0002F2FD2 /* SceneDelegate.m */ = {isa = PBXFileReference; lastKnownFileType = sourcecode.c.objc; path = SceneDelegate.m; sourceTree = "<group>"; };
		016ED97A2B5504F0002F2FD2 /* ViewController.h */ = {isa = PBXFileReference; lastKnownFileType = sourcecode.c.h; path = ViewController.h; sourceTree = "<group>"; };
		016ED97B2B5504F0002F2FD2 /* ViewController.m */ = {isa = PBXFileReference; lastKnownFileType = sourcecode.c.objc; path = ViewController.m; sourceTree = "<group>"; };
		016ED97E2B5504F0002F2FD2 /* Base */ = {isa = PBXFileReference; lastKnownFileType = file.storyboard; name = Base; path = Base.lproj/Main.storyboard; sourceTree = "<group>"; };
		016ED9802B5504F1002F2FD2 /* Assets.xcassets */ = {isa = PBXFileReference; lastKnownFileType = folder.assetcatalog; path = Assets.xcassets; sourceTree = "<group>"; };
		016ED9832B5504F1002F2FD2 /* Base */ = {isa = PBXFileReference; lastKnownFileType = file.storyboard; name = Base; path = Base.lproj/LaunchScreen.storyboard; sourceTree = "<group>"; };
		016ED9852B5504F1002F2FD2 /* Info.plist */ = {isa = PBXFileReference; lastKnownFileType = text.plist.xml; path = Info.plist; sourceTree = "<group>"; };
		016ED9862B5504F1002F2FD2 /* main.m */ = {isa = PBXFileReference; lastKnownFileType = sourcecode.c.objc; path = main.m; sourceTree = "<group>"; };
		01987DD22B5F8BDC00E7BB47 /* GoogleService-Info.plist */ = {isa = PBXFileReference; fileEncoding = 4; lastKnownFileType = text.plist.xml; path = "GoogleService-Info.plist"; sourceTree = "<group>"; };
		01987DD42B5FBC1A00E7BB47 /* McpPushDemo_IOS.entitlements */ = {isa = PBXFileReference; lastKnownFileType = text.plist.entitlements; path = McpPushDemo_IOS.entitlements; sourceTree = "<group>"; };
		1071B430E1C8C4BC43FB6A19 /* Pods-McpPushDemo_IOS.debug.xcconfig */ = {isa = PBXFileReference; includeInIndex = 1; lastKnownFileType = text.xcconfig; name = "Pods-McpPushDemo_IOS.debug.xcconfig"; path = "Target Support Files/Pods-McpPushDemo_IOS/Pods-McpPushDemo_IOS.debug.xcconfig"; sourceTree = "<group>"; };
		9443A9EDE00C6FF3C3158D04 /* Pods-McpPushDemo_IOS.release.xcconfig */ = {isa = PBXFileReference; includeInIndex = 1; lastKnownFileType = text.xcconfig; name = "Pods-McpPushDemo_IOS.release.xcconfig"; path = "Target Support Files/Pods-McpPushDemo_IOS/Pods-McpPushDemo_IOS.release.xcconfig"; sourceTree = "<group>"; };
		B4426238C51B24DB7EB2478F /* Pods_McpPushDemo_IOS.framework */ = {isa = PBXFileReference; explicitFileType = wrapper.framework; includeInIndex = 0; path = Pods_McpPushDemo_IOS.framework; sourceTree = BUILT_PRODUCTS_DIR; };
/* End PBXFileReference section */

/* Begin PBXFrameworksBuildPhase section */
		016ED96E2B5504F0002F2FD2 /* Frameworks */ = {
			isa = PBXFrameworksBuildPhase;
			buildActionMask = 2147483647;
			files = (
				016ED9AD2B5568D3002F2FD2 /* FirebaseFunctions in Frameworks */,
				016ED9A32B5568D3002F2FD2 /* FirebaseDatabaseSwift in Frameworks */,
				016ED9B32B5568D3002F2FD2 /* FirebaseInAppMessagingSwift-Beta in Frameworks */,
				016ED9B92B5568D3002F2FD2 /* FirebaseMessaging in Frameworks */,
				016ED9992B5568D3002F2FD2 /* FirebaseAppDistribution-Beta in Frameworks */,
				016ED99D2B5568D3002F2FD2 /* FirebaseAuthCombine-Community in Frameworks */,
				016ED9A92B5568D3002F2FD2 /* FirebaseFirestoreCombine-Community in Frameworks */,
				016ED9932B5568D3002F2FD2 /* FirebaseAnalyticsSwift in Frameworks */,
				016ED9B72B5568D3002F2FD2 /* FirebaseMLModelDownloader in Frameworks */,
				016ED9952B5568D3002F2FD2 /* FirebaseAnalyticsWithoutAdIdSupport in Frameworks */,
				016ED98F2B5568D3002F2FD2 /* FirebaseAnalytics in Frameworks */,
				016ED9AB2B5568D3002F2FD2 /* FirebaseFirestoreSwift in Frameworks */,
				016ED9912B5568D3002F2FD2 /* FirebaseAnalyticsOnDeviceConversion in Frameworks */,
				016ED9972B5568D3002F2FD2 /* FirebaseAppCheck in Frameworks */,
				016ED9BB2B5568D3002F2FD2 /* FirebasePerformance in Frameworks */,
				016ED9B12B5568D3002F2FD2 /* FirebaseInAppMessaging-Beta in Frameworks */,
				016ED9AF2B5568D3002F2FD2 /* FirebaseFunctionsCombine-Community in Frameworks */,
				016ED99F2B5568D3002F2FD2 /* FirebaseCrashlytics in Frameworks */,
				016ED9B52B5568D3002F2FD2 /* FirebaseInstallations in Frameworks */,
				016ED9BD2B5568D3002F2FD2 /* FirebaseRemoteConfig in Frameworks */,
				016ED9C12B5568D3002F2FD2 /* FirebaseStorage in Frameworks */,
				016ED9A12B5568D3002F2FD2 /* FirebaseDatabase in Frameworks */,
				016ED9C32B5568D3002F2FD2 /* FirebaseStorageCombine-Community in Frameworks */,
				89CBAD13A3881DF024B84E1D /* Pods_McpPushDemo_IOS.framework in Frameworks */,
				016ED99B2B5568D3002F2FD2 /* FirebaseAuth in Frameworks */,
				016ED9A52B5568D3002F2FD2 /* FirebaseDynamicLinks in Frameworks */,
				016ED9A72B5568D3002F2FD2 /* FirebaseFirestore in Frameworks */,
				016ED9BF2B5568D3002F2FD2 /* FirebaseRemoteConfigSwift in Frameworks */,
			);
			runOnlyForDeploymentPostprocessing = 0;
		};
/* End PBXFrameworksBuildPhase section */

/* Begin PBXGroup section */
		016ED9682B5504F0002F2FD2 = {
			isa = PBXGroup;
			children = (
				016ED9732B5504F0002F2FD2 /* McpPushDemo_IOS */,
				016ED9722B5504F0002F2FD2 /* Products */,
				A2F28617A0CFA50CC56057BF /* Pods */,
				FC7C9185169D64796DB576DF /* Frameworks */,
			);
			sourceTree = "<group>";
		};
		016ED9722B5504F0002F2FD2 /* Products */ = {
			isa = PBXGroup;
			children = (
				016ED9712B5504F0002F2FD2 /* McpPushDemo_IOS.app */,
			);
			name = Products;
			sourceTree = "<group>";
		};
		016ED9732B5504F0002F2FD2 /* McpPushDemo_IOS */ = {
			isa = PBXGroup;
			children = (
				01987DD42B5FBC1A00E7BB47 /* McpPushDemo_IOS.entitlements */,
				01987DD22B5F8BDC00E7BB47 /* GoogleService-Info.plist */,
				016ED9742B5504F0002F2FD2 /* AppDelegate.h */,
				016ED9752B5504F0002F2FD2 /* AppDelegate.m */,
				016ED9772B5504F0002F2FD2 /* SceneDelegate.h */,
				016ED9782B5504F0002F2FD2 /* SceneDelegate.m */,
				016ED97A2B5504F0002F2FD2 /* ViewController.h */,
				016ED97B2B5504F0002F2FD2 /* ViewController.m */,
				016ED97D2B5504F0002F2FD2 /* Main.storyboard */,
				016ED9802B5504F1002F2FD2 /* Assets.xcassets */,
				016ED9822B5504F1002F2FD2 /* LaunchScreen.storyboard */,
				016ED9852B5504F1002F2FD2 /* Info.plist */,
				016ED9862B5504F1002F2FD2 /* main.m */,
			);
			path = McpPushDemo_IOS;
			sourceTree = "<group>";
		};
		A2F28617A0CFA50CC56057BF /* Pods */ = {
			isa = PBXGroup;
			children = (
				1071B430E1C8C4BC43FB6A19 /* Pods-McpPushDemo_IOS.debug.xcconfig */,
				9443A9EDE00C6FF3C3158D04 /* Pods-McpPushDemo_IOS.release.xcconfig */,
			);
			path = Pods;
			sourceTree = "<group>";
		};
		FC7C9185169D64796DB576DF /* Frameworks */ = {
			isa = PBXGroup;
			children = (
				B4426238C51B24DB7EB2478F /* Pods_McpPushDemo_IOS.framework */,
			);
			name = Frameworks;
			sourceTree = "<group>";
		};
/* End PBXGroup section */

/* Begin PBXNativeTarget section */
		016ED9702B5504F0002F2FD2 /* McpPushDemo_IOS */ = {
			isa = PBXNativeTarget;
			buildConfigurationList = 016ED98A2B5504F1002F2FD2 /* Build configuration list for PBXNativeTarget "McpPushDemo_IOS" */;
			buildPhases = (
				5138FB43AB4B5B48FF254602 /* [CP] Check Pods Manifest.lock */,
				016ED96D2B5504F0002F2FD2 /* Sources */,
				016ED96E2B5504F0002F2FD2 /* Frameworks */,
				016ED96F2B5504F0002F2FD2 /* Resources */,
			);
			buildRules = (
			);
			dependencies = (
			);
			name = McpPushDemo_IOS;
			packageProductDependencies = (
				016ED98E2B5568D3002F2FD2 /* FirebaseAnalytics */,
				016ED9902B5568D3002F2FD2 /* FirebaseAnalyticsOnDeviceConversion */,
				016ED9922B5568D3002F2FD2 /* FirebaseAnalyticsSwift */,
				016ED9942B5568D3002F2FD2 /* FirebaseAnalyticsWithoutAdIdSupport */,
				016ED9962B5568D3002F2FD2 /* FirebaseAppCheck */,
				016ED9982B5568D3002F2FD2 /* FirebaseAppDistribution-Beta */,
				016ED99A2B5568D3002F2FD2 /* FirebaseAuth */,
				016ED99C2B5568D3002F2FD2 /* FirebaseAuthCombine-Community */,
				016ED99E2B5568D3002F2FD2 /* FirebaseCrashlytics */,
				016ED9A02B5568D3002F2FD2 /* FirebaseDatabase */,
				016ED9A22B5568D3002F2FD2 /* FirebaseDatabaseSwift */,
				016ED9A42B5568D3002F2FD2 /* FirebaseDynamicLinks */,
				016ED9A62B5568D3002F2FD2 /* FirebaseFirestore */,
				016ED9A82B5568D3002F2FD2 /* FirebaseFirestoreCombine-Community */,
				016ED9AA2B5568D3002F2FD2 /* FirebaseFirestoreSwift */,
				016ED9AC2B5568D3002F2FD2 /* FirebaseFunctions */,
				016ED9AE2B5568D3002F2FD2 /* FirebaseFunctionsCombine-Community */,
				016ED9B02B5568D3002F2FD2 /* FirebaseInAppMessaging-Beta */,
				016ED9B22B5568D3002F2FD2 /* FirebaseInAppMessagingSwift-Beta */,
				016ED9B42B5568D3002F2FD2 /* FirebaseInstallations */,
				016ED9B62B5568D3002F2FD2 /* FirebaseMLModelDownloader */,
				016ED9B82B5568D3002F2FD2 /* FirebaseMessaging */,
				016ED9BA2B5568D3002F2FD2 /* FirebasePerformance */,
				016ED9BC2B5568D3002F2FD2 /* FirebaseRemoteConfig */,
				016ED9BE2B5568D3002F2FD2 /* FirebaseRemoteConfigSwift */,
				016ED9C02B5568D3002F2FD2 /* FirebaseStorage */,
				016ED9C22B5568D3002F2FD2 /* FirebaseStorageCombine-Community */,
			);
			productName = McpPushDemo_IOS;
			productReference = 016ED9712B5504F0002F2FD2 /* McpPushDemo_IOS.app */;
			productType = "com.apple.product-type.application";
		};
/* End PBXNativeTarget section */

/* Begin PBXProject section */
		016ED9692B5504F0002F2FD2 /* Project object */ = {
			isa = PBXProject;
			attributes = {
				BuildIndependentTargetsInParallel = 1;
				LastUpgradeCheck = 1510;
				TargetAttributes = {
					016ED9702B5504F0002F2FD2 = {
						CreatedOnToolsVersion = 15.1;
					};
				};
			};
			buildConfigurationList = 016ED96C2B5504F0002F2FD2 /* Build configuration list for PBXProject "McpPushDemo_IOS" */;
			compatibilityVersion = "Xcode 14.0";
			developmentRegion = en;
			hasScannedForEncodings = 0;
			knownRegions = (
				en,
				Base,
			);
			mainGroup = 016ED9682B5504F0002F2FD2;
			packageReferences = (
				016ED98D2B5568D3002F2FD2 /* XCRemoteSwiftPackageReference "firebase-ios-sdk" */,
			);
			productRefGroup = 016ED9722B5504F0002F2FD2 /* Products */;
			projectDirPath = "";
			projectRoot = "";
			targets = (
				016ED9702B5504F0002F2FD2 /* McpPushDemo_IOS */,
			);
		};
/* End PBXProject section */

/* Begin PBXResourcesBuildPhase section */
		016ED96F2B5504F0002F2FD2 /* Resources */ = {
			isa = PBXResourcesBuildPhase;
			buildActionMask = 2147483647;
			files = (
				016ED9842B5504F1002F2FD2 /* LaunchScreen.storyboard in Resources */,
				01987DD32B5F8BDC00E7BB47 /* GoogleService-Info.plist in Resources */,
				016ED9812B5504F1002F2FD2 /* Assets.xcassets in Resources */,
				016ED97F2B5504F0002F2FD2 /* Main.storyboard in Resources */,
			);
			runOnlyForDeploymentPostprocessing = 0;
		};
/* End PBXResourcesBuildPhase section */

/* Begin PBXShellScriptBuildPhase section */
		5138FB43AB4B5B48FF254602 /* [CP] Check Pods Manifest.lock */ = {
			isa = PBXShellScriptBuildPhase;
			buildActionMask = 2147483647;
			files = (
			);
			inputFileListPaths = (
			);
			inputPaths = (
				"${PODS_PODFILE_DIR_PATH}/Podfile.lock",
				"${PODS_ROOT}/Manifest.lock",
			);
			name = "[CP] Check Pods Manifest.lock";
			outputFileListPaths = (
			);
			outputPaths = (
				"$(DERIVED_FILE_DIR)/Pods-McpPushDemo_IOS-checkManifestLockResult.txt",
			);
			runOnlyForDeploymentPostprocessing = 0;
			shellPath = /bin/sh;
			shellScript = "diff \"${PODS_PODFILE_DIR_PATH}/Podfile.lock\" \"${PODS_ROOT}/Manifest.lock\" > /dev/null\nif [ $? != 0 ] ; then\n    # print error to STDERR\n    echo \"error: The sandbox is not in sync with the Podfile.lock. Run 'pod install' or update your CocoaPods installation.\" >&2\n    exit 1\nfi\n# This output is used by Xcode 'outputs' to avoid re-running this script phase.\necho \"SUCCESS\" > \"${SCRIPT_OUTPUT_FILE_0}\"\n";
			showEnvVarsInLog = 0;
		};
/* End PBXShellScriptBuildPhase section */

/* Begin PBXSourcesBuildPhase section */
		016ED96D2B5504F0002F2FD2 /* Sources */ = {
			isa = PBXSourcesBuildPhase;
			buildActionMask = 2147483647;
			files = (
				016ED97C2B5504F0002F2FD2 /* ViewController.m in Sources */,
				016ED9762B5504F0002F2FD2 /* AppDelegate.m in Sources */,
				016ED9872B5504F1002F2FD2 /* main.m in Sources */,
				016ED9792B5504F0002F2FD2 /* SceneDelegate.m in Sources */,
			);
			runOnlyForDeploymentPostprocessing = 0;
		};
/* End PBXSourcesBuildPhase section */

/* Begin PBXVariantGroup section */
		016ED97D2B5504F0002F2FD2 /* Main.storyboard */ = {
			isa = PBXVariantGroup;
			children = (
				016ED97E2B5504F0002F2FD2 /* Base */,
			);
			name = Main.storyboard;
			sourceTree = "<group>";
		};
		016ED9822B5504F1002F2FD2 /* LaunchScreen.storyboard */ = {
			isa = PBXVariantGroup;
			children = (
				016ED9832B5504F1002F2FD2 /* Base */,
			);
			name = LaunchScreen.storyboard;
			sourceTree = "<group>";
		};
/* End PBXVariantGroup section */

/* Begin XCBuildConfiguration section */
		016ED9882B5504F1002F2FD2 /* Debug */ = {
			isa = XCBuildConfiguration;
			buildSettings = {
				ALWAYS_SEARCH_USER_PATHS = NO;
				ASSETCATALOG_COMPILER_GENERATE_SWIFT_ASSET_SYMBOL_EXTENSIONS = YES;
				CLANG_ANALYZER_NONNULL = YES;
				CLANG_ANALYZER_NUMBER_OBJECT_CONVERSION = YES_AGGRESSIVE;
				CLANG_CXX_LANGUAGE_STANDARD = "gnu++20";
				CLANG_ENABLE_MODULES = YES;
				CLANG_ENABLE_OBJC_ARC = YES;
				CLANG_ENABLE_OBJC_WEAK = YES;
				CLANG_WARN_BLOCK_CAPTURE_AUTORELEASING = YES;
				CLANG_WARN_BOOL_CONVERSION = YES;
				CLANG_WARN_COMMA = YES;
				CLANG_WARN_CONSTANT_CONVERSION = YES;
				CLANG_WARN_DEPRECATED_OBJC_IMPLEMENTATIONS = YES;
				CLANG_WARN_DIRECT_OBJC_ISA_USAGE = YES_ERROR;
				CLANG_WARN_DOCUMENTATION_COMMENTS = YES;
				CLANG_WARN_EMPTY_BODY = YES;
				CLANG_WARN_ENUM_CONVERSION = YES;
				CLANG_WARN_INFINITE_RECURSION = YES;
				CLANG_WARN_INT_CONVERSION = YES;
				CLANG_WARN_NON_LITERAL_NULL_CONVERSION = YES;
				CLANG_WARN_OBJC_IMPLICIT_RETAIN_SELF = YES;
				CLANG_WARN_OBJC_LITERAL_CONVERSION = YES;
				CLANG_WARN_OBJC_ROOT_CLASS = YES_ERROR;
				CLANG_WARN_QUOTED_INCLUDE_IN_FRAMEWORK_HEADER = YES;
				CLANG_WARN_RANGE_LOOP_ANALYSIS = YES;
				CLANG_WARN_STRICT_PROTOTYPES = YES;
				CLANG_WARN_SUSPICIOUS_MOVE = YES;
				CLANG_WARN_UNGUARDED_AVAILABILITY = YES_AGGRESSIVE;
				CLANG_WARN_UNREACHABLE_CODE = YES;
				CLANG_WARN__DUPLICATE_METHOD_MATCH = YES;
				COPY_PHASE_STRIP = NO;
				DEBUG_INFORMATION_FORMAT = dwarf;
				ENABLE_STRICT_OBJC_MSGSEND = YES;
				ENABLE_TESTABILITY = YES;
				ENABLE_USER_SCRIPT_SANDBOXING = YES;
				GCC_C_LANGUAGE_STANDARD = gnu17;
				GCC_DYNAMIC_NO_PIC = NO;
				GCC_NO_COMMON_BLOCKS = YES;
				GCC_OPTIMIZATION_LEVEL = 0;
				GCC_PREPROCESSOR_DEFINITIONS = (
					"DEBUG=1",
					"$(inherited)",
				);
				GCC_WARN_64_TO_32_BIT_CONVERSION = YES;
				GCC_WARN_ABOUT_RETURN_TYPE = YES_ERROR;
				GCC_WARN_UNDECLARED_SELECTOR = YES;
				GCC_WARN_UNINITIALIZED_AUTOS = YES_AGGRESSIVE;
				GCC_WARN_UNUSED_FUNCTION = YES;
				GCC_WARN_UNUSED_VARIABLE = YES;
				IPHONEOS_DEPLOYMENT_TARGET = 17.2;
				LOCALIZATION_PREFERS_STRING_CATALOGS = YES;
				MTL_ENABLE_DEBUG_INFO = INCLUDE_SOURCE;
				MTL_FAST_MATH = YES;
				ONLY_ACTIVE_ARCH = YES;
				SDKROOT = iphoneos;
			};
			name = Debug;
		};
		016ED9892B5504F1002F2FD2 /* Release */ = {
			isa = XCBuildConfiguration;
			buildSettings = {
				ALWAYS_SEARCH_USER_PATHS = NO;
				ASSETCATALOG_COMPILER_GENERATE_SWIFT_ASSET_SYMBOL_EXTENSIONS = YES;
				CLANG_ANALYZER_NONNULL = YES;
				CLANG_ANALYZER_NUMBER_OBJECT_CONVERSION = YES_AGGRESSIVE;
				CLANG_CXX_LANGUAGE_STANDARD = "gnu++20";
				CLANG_ENABLE_MODULES = YES;
				CLANG_ENABLE_OBJC_ARC = YES;
				CLANG_ENABLE_OBJC_WEAK = YES;
				CLANG_WARN_BLOCK_CAPTURE_AUTORELEASING = YES;
				CLANG_WARN_BOOL_CONVERSION = YES;
				CLANG_WARN_COMMA = YES;
				CLANG_WARN_CONSTANT_CONVERSION = YES;
				CLANG_WARN_DEPRECATED_OBJC_IMPLEMENTATIONS = YES;
				CLANG_WARN_DIRECT_OBJC_ISA_USAGE = YES_ERROR;
				CLANG_WARN_DOCUMENTATION_COMMENTS = YES;
				CLANG_WARN_EMPTY_BODY = YES;
				CLANG_WARN_ENUM_CONVERSION = YES;
				CLANG_WARN_INFINITE_RECURSION = YES;
				CLANG_WARN_INT_CONVERSION = YES;
				CLANG_WARN_NON_LITERAL_NULL_CONVERSION = YES;
				CLANG_WARN_OBJC_IMPLICIT_RETAIN_SELF = YES;
				CLANG_WARN_OBJC_LITERAL_CONVERSION = YES;
				CLANG_WARN_OBJC_ROOT_CLASS = YES_ERROR;
				CLANG_WARN_QUOTED_INCLUDE_IN_FRAMEWORK_HEADER = YES;
				CLANG_WARN_RANGE_LOOP_ANALYSIS = YES;
				CLANG_WARN_STRICT_PROTOTYPES = YES;
				CLANG_WARN_SUSPICIOUS_MOVE = YES;
				CLANG_WARN_UNGUARDED_AVAILABILITY = YES_AGGRESSIVE;
				CLANG_WARN_UNREACHABLE_CODE = YES;
				CLANG_WARN__DUPLICATE_METHOD_MATCH = YES;
				COPY_PHASE_STRIP = NO;
				DEBUG_INFORMATION_FORMAT = "dwarf-with-dsym";
				ENABLE_NS_ASSERTIONS = NO;
				ENABLE_STRICT_OBJC_MSGSEND = YES;
				ENABLE_USER_SCRIPT_SANDBOXING = YES;
				GCC_C_LANGUAGE_STANDARD = gnu17;
				GCC_NO_COMMON_BLOCKS = YES;
				GCC_WARN_64_TO_32_BIT_CONVERSION = YES;
				GCC_WARN_ABOUT_RETURN_TYPE = YES_ERROR;
				GCC_WARN_UNDECLARED_SELECTOR = YES;
				GCC_WARN_UNINITIALIZED_AUTOS = YES_AGGRESSIVE;
				GCC_WARN_UNUSED_FUNCTION = YES;
				GCC_WARN_UNUSED_VARIABLE = YES;
				IPHONEOS_DEPLOYMENT_TARGET = 17.2;
				LOCALIZATION_PREFERS_STRING_CATALOGS = YES;
				MTL_ENABLE_DEBUG_INFO = NO;
				MTL_FAST_MATH = YES;
				SDKROOT = iphoneos;
				VALIDATE_PRODUCT = YES;
			};
			name = Release;
		};
		016ED98B2B5504F1002F2FD2 /* Debug */ = {
			isa = XCBuildConfiguration;
			baseConfigurationReference = 1071B430E1C8C4BC43FB6A19 /* Pods-McpPushDemo_IOS.debug.xcconfig */;
			buildSettings = {
				ASSETCATALOG_COMPILER_APPICON_NAME = AppIcon;
				ASSETCATALOG_COMPILER_GLOBAL_ACCENT_COLOR_NAME = AccentColor;
				CODE_SIGN_ENTITLEMENTS = McpPushDemo_IOS/McpPushDemo_IOS.entitlements;
				CODE_SIGN_STYLE = Automatic;
				CURRENT_PROJECT_VERSION = 4;
				DEVELOPMENT_TEAM = 945Y4FNT8B;
				GENERATE_INFOPLIST_FILE = YES;
				INFOPLIST_FILE = McpPushDemo_IOS/Info.plist;
				INFOPLIST_KEY_CFBundleDisplayName = "Mcp Demo";
				INFOPLIST_KEY_LSApplicationCategoryType = "public.app-category.utilities";
				INFOPLIST_KEY_UIApplicationSupportsIndirectInputEvents = YES;
				INFOPLIST_KEY_UILaunchStoryboardName = LaunchScreen;
				INFOPLIST_KEY_UIMainStoryboardFile = Main;
				INFOPLIST_KEY_UISupportedInterfaceOrientations = UIInterfaceOrientationPortrait;
				IPHONEOS_DEPLOYMENT_TARGET = 12.0;
				LD_RUNPATH_SEARCH_PATHS = (
					"$(inherited)",
					"@executable_path/Frameworks",
				);
				MARKETING_VERSION = 0.1;
				PRODUCT_BUNDLE_IDENTIFIER = com.goldenplanet.mcpdemo;
				PRODUCT_NAME = "$(TARGET_NAME)";
				SUPPORTED_PLATFORMS = "iphoneos iphonesimulator";
				SUPPORTS_MACCATALYST = NO;
				SUPPORTS_MAC_DESIGNED_FOR_IPHONE_IPAD = NO;
				SWIFT_EMIT_LOC_STRINGS = YES;
				TARGETED_DEVICE_FAMILY = 1;
			};
			name = Debug;
		};
		016ED98C2B5504F1002F2FD2 /* Release */ = {
			isa = XCBuildConfiguration;
			baseConfigurationReference = 9443A9EDE00C6FF3C3158D04 /* Pods-McpPushDemo_IOS.release.xcconfig */;
			buildSettings = {
				ASSETCATALOG_COMPILER_APPICON_NAME = AppIcon;
				ASSETCATALOG_COMPILER_GLOBAL_ACCENT_COLOR_NAME = AccentColor;
				CODE_SIGN_ENTITLEMENTS = McpPushDemo_IOS/McpPushDemo_IOS.entitlements;
				CODE_SIGN_STYLE = Automatic;
				CURRENT_PROJECT_VERSION = 4;
				DEVELOPMENT_TEAM = 945Y4FNT8B;
				GENERATE_INFOPLIST_FILE = YES;
				INFOPLIST_FILE = McpPushDemo_IOS/Info.plist;
				INFOPLIST_KEY_CFBundleDisplayName = "Mcp Demo";
				INFOPLIST_KEY_LSApplicationCategoryType = "public.app-category.utilities";
				INFOPLIST_KEY_UIApplicationSupportsIndirectInputEvents = YES;
				INFOPLIST_KEY_UILaunchStoryboardName = LaunchScreen;
				INFOPLIST_KEY_UIMainStoryboardFile = Main;
				INFOPLIST_KEY_UISupportedInterfaceOrientations = UIInterfaceOrientationPortrait;
				IPHONEOS_DEPLOYMENT_TARGET = 12.0;
				LD_RUNPATH_SEARCH_PATHS = (
					"$(inherited)",
					"@executable_path/Frameworks",
				);
				MARKETING_VERSION = 0.1;
				PRODUCT_BUNDLE_IDENTIFIER = com.goldenplanet.mcpdemo;
				PRODUCT_NAME = "$(TARGET_NAME)";
				SUPPORTED_PLATFORMS = "iphoneos iphonesimulator";
				SUPPORTS_MACCATALYST = NO;
				SUPPORTS_MAC_DESIGNED_FOR_IPHONE_IPAD = NO;
				SWIFT_EMIT_LOC_STRINGS = YES;
				TARGETED_DEVICE_FAMILY = 1;
			};
			name = Release;
		};
/* End XCBuildConfiguration section */

/* Begin XCConfigurationList section */
		016ED96C2B5504F0002F2FD2 /* Build configuration list for PBXProject "McpPushDemo_IOS" */ = {
			isa = XCConfigurationList;
			buildConfigurations = (
				016ED9882B5504F1002F2FD2 /* Debug */,
				016ED9892B5504F1002F2FD2 /* Release */,
			);
			defaultConfigurationIsVisible = 0;
			defaultConfigurationName = Release;
		};
		016ED98A2B5504F1002F2FD2 /* Build configuration list for PBXNativeTarget "McpPushDemo_IOS" */ = {
			isa = XCConfigurationList;
			buildConfigurations = (
				016ED98B2B5504F1002F2FD2 /* Debug */,
				016ED98C2B5504F1002F2FD2 /* Release */,
			);
			defaultConfigurationIsVisible = 0;
			defaultConfigurationName = Release;
		};
/* End XCConfigurationList section */

/* Begin XCRemoteSwiftPackageReference section */
		016ED98D2B5568D3002F2FD2 /* XCRemoteSwiftPackageReference "firebase-ios-sdk" */ = {
			isa = XCRemoteSwiftPackageReference;
			repositoryURL = "https://github.com/firebase/firebase-ios-sdk";
			requirement = {
				kind = upToNextMajorVersion;
				minimumVersion = 10.19.1;
			};
		};
/* End XCRemoteSwiftPackageReference section */

/* Begin XCSwiftPackageProductDependency section */
		016ED98E2B5568D3002F2FD2 /* FirebaseAnalytics */ = {
			isa = XCSwiftPackageProductDependency;
			package = 016ED98D2B5568D3002F2FD2 /* XCRemoteSwiftPackageReference "firebase-ios-sdk" */;
			productName = FirebaseAnalytics;
		};
		016ED9902B5568D3002F2FD2 /* FirebaseAnalyticsOnDeviceConversion */ = {
			isa = XCSwiftPackageProductDependency;
			package = 016ED98D2B5568D3002F2FD2 /* XCRemoteSwiftPackageReference "firebase-ios-sdk" */;
			productName = FirebaseAnalyticsOnDeviceConversion;
		};
		016ED9922B5568D3002F2FD2 /* FirebaseAnalyticsSwift */ = {
			isa = XCSwiftPackageProductDependency;
			package = 016ED98D2B5568D3002F2FD2 /* XCRemoteSwiftPackageReference "firebase-ios-sdk" */;
			productName = FirebaseAnalyticsSwift;
		};
		016ED9942B5568D3002F2FD2 /* FirebaseAnalyticsWithoutAdIdSupport */ = {
			isa = XCSwiftPackageProductDependency;
			package = 016ED98D2B5568D3002F2FD2 /* XCRemoteSwiftPackageReference "firebase-ios-sdk" */;
			productName = FirebaseAnalyticsWithoutAdIdSupport;
		};
		016ED9962B5568D3002F2FD2 /* FirebaseAppCheck */ = {
			isa = XCSwiftPackageProductDependency;
			package = 016ED98D2B5568D3002F2FD2 /* XCRemoteSwiftPackageReference "firebase-ios-sdk" */;
			productName = FirebaseAppCheck;
		};
		016ED9982B5568D3002F2FD2 /* FirebaseAppDistribution-Beta */ = {
			isa = XCSwiftPackageProductDependency;
			package = 016ED98D2B5568D3002F2FD2 /* XCRemoteSwiftPackageReference "firebase-ios-sdk" */;
			productName = "FirebaseAppDistribution-Beta";
		};
		016ED99A2B5568D3002F2FD2 /* FirebaseAuth */ = {
			isa = XCSwiftPackageProductDependency;
			package = 016ED98D2B5568D3002F2FD2 /* XCRemoteSwiftPackageReference "firebase-ios-sdk" */;
			productName = FirebaseAuth;
		};
		016ED99C2B5568D3002F2FD2 /* FirebaseAuthCombine-Community */ = {
			isa = XCSwiftPackageProductDependency;
			package = 016ED98D2B5568D3002F2FD2 /* XCRemoteSwiftPackageReference "firebase-ios-sdk" */;
			productName = "FirebaseAuthCombine-Community";
		};
		016ED99E2B5568D3002F2FD2 /* FirebaseCrashlytics */ = {
			isa = XCSwiftPackageProductDependency;
			package = 016ED98D2B5568D3002F2FD2 /* XCRemoteSwiftPackageReference "firebase-ios-sdk" */;
			productName = FirebaseCrashlytics;
		};
		016ED9A02B5568D3002F2FD2 /* FirebaseDatabase */ = {
			isa = XCSwiftPackageProductDependency;
			package = 016ED98D2B5568D3002F2FD2 /* XCRemoteSwiftPackageReference "firebase-ios-sdk" */;
			productName = FirebaseDatabase;
		};
		016ED9A22B5568D3002F2FD2 /* FirebaseDatabaseSwift */ = {
			isa = XCSwiftPackageProductDependency;
			package = 016ED98D2B5568D3002F2FD2 /* XCRemoteSwiftPackageReference "firebase-ios-sdk" */;
			productName = FirebaseDatabaseSwift;
		};
		016ED9A42B5568D3002F2FD2 /* FirebaseDynamicLinks */ = {
			isa = XCSwiftPackageProductDependency;
			package = 016ED98D2B5568D3002F2FD2 /* XCRemoteSwiftPackageReference "firebase-ios-sdk" */;
			productName = FirebaseDynamicLinks;
		};
		016ED9A62B5568D3002F2FD2 /* FirebaseFirestore */ = {
			isa = XCSwiftPackageProductDependency;
			package = 016ED98D2B5568D3002F2FD2 /* XCRemoteSwiftPackageReference "firebase-ios-sdk" */;
			productName = FirebaseFirestore;
		};
		016ED9A82B5568D3002F2FD2 /* FirebaseFirestoreCombine-Community */ = {
			isa = XCSwiftPackageProductDependency;
			package = 016ED98D2B5568D3002F2FD2 /* XCRemoteSwiftPackageReference "firebase-ios-sdk" */;
			productName = "FirebaseFirestoreCombine-Community";
		};
		016ED9AA2B5568D3002F2FD2 /* FirebaseFirestoreSwift */ = {
			isa = XCSwiftPackageProductDependency;
			package = 016ED98D2B5568D3002F2FD2 /* XCRemoteSwiftPackageReference "firebase-ios-sdk" */;
			productName = FirebaseFirestoreSwift;
		};
		016ED9AC2B5568D3002F2FD2 /* FirebaseFunctions */ = {
			isa = XCSwiftPackageProductDependency;
			package = 016ED98D2B5568D3002F2FD2 /* XCRemoteSwiftPackageReference "firebase-ios-sdk" */;
			productName = FirebaseFunctions;
		};
		016ED9AE2B5568D3002F2FD2 /* FirebaseFunctionsCombine-Community */ = {
			isa = XCSwiftPackageProductDependency;
			package = 016ED98D2B5568D3002F2FD2 /* XCRemoteSwiftPackageReference "firebase-ios-sdk" */;
			productName = "FirebaseFunctionsCombine-Community";
		};
		016ED9B02B5568D3002F2FD2 /* FirebaseInAppMessaging-Beta */ = {
			isa = XCSwiftPackageProductDependency;
			package = 016ED98D2B5568D3002F2FD2 /* XCRemoteSwiftPackageReference "firebase-ios-sdk" */;
			productName = "FirebaseInAppMessaging-Beta";
		};
		016ED9B22B5568D3002F2FD2 /* FirebaseInAppMessagingSwift-Beta */ = {
			isa = XCSwiftPackageProductDependency;
			package = 016ED98D2B5568D3002F2FD2 /* XCRemoteSwiftPackageReference "firebase-ios-sdk" */;
			productName = "FirebaseInAppMessagingSwift-Beta";
		};
		016ED9B42B5568D3002F2FD2 /* FirebaseInstallations */ = {
			isa = XCSwiftPackageProductDependency;
			package = 016ED98D2B5568D3002F2FD2 /* XCRemoteSwiftPackageReference "firebase-ios-sdk" */;
			productName = FirebaseInstallations;
		};
		016ED9B62B5568D3002F2FD2 /* FirebaseMLModelDownloader */ = {
			isa = XCSwiftPackageProductDependency;
			package = 016ED98D2B5568D3002F2FD2 /* XCRemoteSwiftPackageReference "firebase-ios-sdk" */;
			productName = FirebaseMLModelDownloader;
		};
		016ED9B82B5568D3002F2FD2 /* FirebaseMessaging */ = {
			isa = XCSwiftPackageProductDependency;
			package = 016ED98D2B5568D3002F2FD2 /* XCRemoteSwiftPackageReference "firebase-ios-sdk" */;
			productName = FirebaseMessaging;
		};
		016ED9BA2B5568D3002F2FD2 /* FirebasePerformance */ = {
			isa = XCSwiftPackageProductDependency;
			package = 016ED98D2B5568D3002F2FD2 /* XCRemoteSwiftPackageReference "firebase-ios-sdk" */;
			productName = FirebasePerformance;
		};
		016ED9BC2B5568D3002F2FD2 /* FirebaseRemoteConfig */ = {
			isa = XCSwiftPackageProductDependency;
			package = 016ED98D2B5568D3002F2FD2 /* XCRemoteSwiftPackageReference "firebase-ios-sdk" */;
			productName = FirebaseRemoteConfig;
		};
		016ED9BE2B5568D3002F2FD2 /* FirebaseRemoteConfigSwift */ = {
			isa = XCSwiftPackageProductDependency;
			package = 016ED98D2B5568D3002F2FD2 /* XCRemoteSwiftPackageReference "firebase-ios-sdk" */;
			productName = FirebaseRemoteConfigSwift;
		};
		016ED9C02B5568D3002F2FD2 /* FirebaseStorage */ = {
			isa = XCSwiftPackageProductDependency;
			package = 016ED98D2B5568D3002F2FD2 /* XCRemoteSwiftPackageReference "firebase-ios-sdk" */;
			productName = FirebaseStorage;
		};
		016ED9C22B5568D3002F2FD2 /* FirebaseStorageCombine-Community */ = {
			isa = XCSwiftPackageProductDependency;
			package = 016ED98D2B5568D3002F2FD2 /* XCRemoteSwiftPackageReference "firebase-ios-sdk" */;
			productName = "FirebaseStorageCombine-Community";
		};
/* End XCSwiftPackageProductDependency section */
	};
	rootObject = 016ED9692B5504F0002F2FD2 /* Project object */;
}
